// !$*UTF8*$!
{
	archiveVersion = 1;
	classes = {
	};
	objectVersion = 50;
	objects = {

/* Begin PBXBuildFile section */
		0F94920C25FEF779008DF67C /* EditCard.swift in Sources */ = {isa = PBXBuildFile; fileRef = 0F94920B25FEF779008DF67C /* EditCard.swift */; };
		0F98BDD225FB7E9F00D66C21 /* AppDelegate.swift in Sources */ = {isa = PBXBuildFile; fileRef = 0F98BDD125FB7E9F00D66C21 /* AppDelegate.swift */; };
		0F98BDD425FB7E9F00D66C21 /* SceneDelegate.swift in Sources */ = {isa = PBXBuildFile; fileRef = 0F98BDD325FB7E9F00D66C21 /* SceneDelegate.swift */; };
		0F98BDD825FB7EA600D66C21 /* Assets.xcassets in Resources */ = {isa = PBXBuildFile; fileRef = 0F98BDD725FB7EA600D66C21 /* Assets.xcassets */; };
		0F98BDDB25FB7EA600D66C21 /* Preview Assets.xcassets in Resources */ = {isa = PBXBuildFile; fileRef = 0F98BDDA25FB7EA600D66C21 /* Preview Assets.xcassets */; };
		0F98BDDE25FB7EA600D66C21 /* LaunchScreen.storyboard in Resources */ = {isa = PBXBuildFile; fileRef = 0F98BDDC25FB7EA600D66C21 /* LaunchScreen.storyboard */; };
		0F98BDEF25FBBA7300D66C21 /* Card.swift in Sources */ = {isa = PBXBuildFile; fileRef = 0F98BDEE25FBBA7300D66C21 /* Card.swift */; };
		0F98BDF125FBBBF400D66C21 /* CardView.swift in Sources */ = {isa = PBXBuildFile; fileRef = 0F98BDF025FBBBF400D66C21 /* CardView.swift */; };
		0F98BDF325FBBDDA00D66C21 /* ContentView.swift in Sources */ = {isa = PBXBuildFile; fileRef = 0F98BDF225FBBDDA00D66C21 /* ContentView.swift */; };
/* End PBXBuildFile section */

/* Begin PBXFileReference section */
		0F94920B25FEF779008DF67C /* EditCard.swift */ = {isa = PBXFileReference; lastKnownFileType = sourcecode.swift; path = EditCard.swift; sourceTree = "<group>"; };
		0F98BDCE25FB7E9F00D66C21 /* Flashzilla.app */ = {isa = PBXFileReference; explicitFileType = wrapper.application; includeInIndex = 0; path = Flashzilla.app; sourceTree = BUILT_PRODUCTS_DIR; };
		0F98BDD125FB7E9F00D66C21 /* AppDelegate.swift */ = {isa = PBXFileReference; lastKnownFileType = sourcecode.swift; path = AppDelegate.swift; sourceTree = "<group>"; };
		0F98BDD325FB7E9F00D66C21 /* SceneDelegate.swift */ = {isa = PBXFileReference; lastKnownFileType = sourcecode.swift; path = SceneDelegate.swift; sourceTree = "<group>"; };
		0F98BDD525FB7E9F00D66C21 /* gestureView.swift */ = {isa = PBXFileReference; lastKnownFileType = sourcecode.swift; path = gestureView.swift; sourceTree = "<group>"; };
		0F98BDD725FB7EA600D66C21 /* Assets.xcassets */ = {isa = PBXFileReference; lastKnownFileType = folder.assetcatalog; path = Assets.xcassets; sourceTree = "<group>"; };
		0F98BDDA25FB7EA600D66C21 /* Preview Assets.xcassets */ = {isa = PBXFileReference; lastKnownFileType = folder.assetcatalog; path = "Preview Assets.xcassets"; sourceTree = "<group>"; };
		0F98BDDD25FB7EA600D66C21 /* Base */ = {isa = PBXFileReference; lastKnownFileType = file.storyboard; name = Base; path = Base.lproj/LaunchScreen.storyboard; sourceTree = "<group>"; };
		0F98BDDF25FB7EA600D66C21 /* Info.plist */ = {isa = PBXFileReference; lastKnownFileType = text.plist.xml; path = Info.plist; sourceTree = "<group>"; };
		0F98BDE525FB83F700D66C21 /* HapticsView.swift */ = {isa = PBXFileReference; lastKnownFileType = sourcecode.swift; path = HapticsView.swift; sourceTree = "<group>"; };
		0F98BDE825FBAD6200D66C21 /* TimerView.swift */ = {isa = PBXFileReference; lastKnownFileType = sourcecode.swift; path = TimerView.swift; sourceTree = "<group>"; };
		0F98BDEA25FBB69B00D66C21 /* NotificationCenter.swift */ = {isa = PBXFileReference; lastKnownFileType = sourcecode.swift; path = NotificationCenter.swift; sourceTree = "<group>"; };
		0F98BDEC25FBB7A800D66C21 /* ContentView.swift */ = {isa = PBXFileReference; lastKnownFileType = sourcecode.swift; path = ContentView.swift; sourceTree = "<group>"; };
		0F98BDEE25FBBA7300D66C21 /* Card.swift */ = {isa = PBXFileReference; lastKnownFileType = sourcecode.swift; path = Card.swift; sourceTree = "<group>"; };
		0F98BDF025FBBBF400D66C21 /* CardView.swift */ = {isa = PBXFileReference; lastKnownFileType = sourcecode.swift; path = CardView.swift; sourceTree = "<group>"; };
		0F98BDF225FBBDDA00D66C21 /* ContentView.swift */ = {isa = PBXFileReference; lastKnownFileType = sourcecode.swift; path = ContentView.swift; sourceTree = "<group>"; };
/* End PBXFileReference section */

/* Begin PBXFrameworksBuildPhase section */
		0F98BDCB25FB7E9F00D66C21 /* Frameworks */ = {
			isa = PBXFrameworksBuildPhase;
			buildActionMask = 2147483647;
			files = (
			);
			runOnlyForDeploymentPostprocessing = 0;
		};
/* End PBXFrameworksBuildPhase section */

/* Begin PBXGroup section */
		0F98BDC525FB7E9F00D66C21 = {
			isa = PBXGroup;
			children = (
				0F98BDD025FB7E9F00D66C21 /* Flashzilla */,
				0F98BDCF25FB7E9F00D66C21 /* Products */,
			);
			sourceTree = "<group>";
		};
		0F98BDCF25FB7E9F00D66C21 /* Products */ = {
			isa = PBXGroup;
			children = (
				0F98BDCE25FB7E9F00D66C21 /* Flashzilla.app */,
			);
			name = Products;
			sourceTree = "<group>";
		};
		0F98BDD025FB7E9F00D66C21 /* Flashzilla */ = {
			isa = PBXGroup;
			children = (
				0F98BDF025FBBBF400D66C21 /* CardView.swift */,
				0F98BDF225FBBDDA00D66C21 /* ContentView.swift */,
				0F98BDEE25FBBA7300D66C21 /* Card.swift */,
				0F94920B25FEF779008DF67C /* EditCard.swift */,
				0F98BDE725FB840300D66C21 /* Examples */,
				0F98BDD125FB7E9F00D66C21 /* AppDelegate.swift */,
				0F98BDD325FB7E9F00D66C21 /* SceneDelegate.swift */,
				0F98BDD725FB7EA600D66C21 /* Assets.xcassets */,
				0F98BDDC25FB7EA600D66C21 /* LaunchScreen.storyboard */,
				0F98BDDF25FB7EA600D66C21 /* Info.plist */,
				0F98BDD925FB7EA600D66C21 /* Preview Content */,
			);
			path = Flashzilla;
			sourceTree = "<group>";
		};
		0F98BDD925FB7EA600D66C21 /* Preview Content */ = {
			isa = PBXGroup;
			children = (
				0F98BDDA25FB7EA600D66C21 /* Preview Assets.xcassets */,
			);
			path = "Preview Content";
			sourceTree = "<group>";
		};
		0F98BDE725FB840300D66C21 /* Examples */ = {
			isa = PBXGroup;
			children = (
				0F98BDEC25FBB7A800D66C21 /* ContentView.swift */,
				0F98BDEA25FBB69B00D66C21 /* NotificationCenter.swift */,
				0F98BDE825FBAD6200D66C21 /* TimerView.swift */,
				0F98BDE525FB83F700D66C21 /* HapticsView.swift */,
				0F98BDD525FB7E9F00D66C21 /* gestureView.swift */,
			);
			path = Examples;
			sourceTree = "<group>";
		};
/* End PBXGroup section */

/* Begin PBXNativeTarget section */
		0F98BDCD25FB7E9F00D66C21 /* Flashzilla */ = {
			isa = PBXNativeTarget;
			buildConfigurationList = 0F98BDE225FB7EA600D66C21 /* Build configuration list for PBXNativeTarget "Flashzilla" */;
			buildPhases = (
				0F98BDCA25FB7E9F00D66C21 /* Sources */,
				0F98BDCB25FB7E9F00D66C21 /* Frameworks */,
				0F98BDCC25FB7E9F00D66C21 /* Resources */,
			);
			buildRules = (
			);
			dependencies = (
			);
			name = Flashzilla;
			productName = Flashzilla;
			productReference = 0F98BDCE25FB7E9F00D66C21 /* Flashzilla.app */;
			productType = "com.apple.product-type.application";
		};
/* End PBXNativeTarget section */

/* Begin PBXProject section */
		0F98BDC625FB7E9F00D66C21 /* Project object */ = {
			isa = PBXProject;
			attributes = {
				LastSwiftUpdateCheck = 1160;
				LastUpgradeCheck = 1160;
				ORGANIZATIONNAME = "Travis Brigman";
				TargetAttributes = {
					0F98BDCD25FB7E9F00D66C21 = {
						CreatedOnToolsVersion = 11.6;
					};
				};
			};
			buildConfigurationList = 0F98BDC925FB7E9F00D66C21 /* Build configuration list for PBXProject "Flashzilla" */;
			compatibilityVersion = "Xcode 9.3";
			developmentRegion = en;
			hasScannedForEncodings = 0;
			knownRegions = (
				en,
				Base,
			);
			mainGroup = 0F98BDC525FB7E9F00D66C21;
			productRefGroup = 0F98BDCF25FB7E9F00D66C21 /* Products */;
			projectDirPath = "";
			projectRoot = "";
			targets = (
				0F98BDCD25FB7E9F00D66C21 /* Flashzilla */,
			);
		};
/* End PBXProject section */

/* Begin PBXResourcesBuildPhase section */
		0F98BDCC25FB7E9F00D66C21 /* Resources */ = {
			isa = PBXResourcesBuildPhase;
			buildActionMask = 2147483647;
			files = (
				0F98BDDE25FB7EA600D66C21 /* LaunchScreen.storyboard in Resources */,
				0F98BDDB25FB7EA600D66C21 /* Preview Assets.xcassets in Resources */,
				0F98BDD825FB7EA600D66C21 /* Assets.xcassets in Resources */,
			);
			runOnlyForDeploymentPostprocessing = 0;
		};
/* End PBXResourcesBuildPhase section */

/* Begin PBXSourcesBuildPhase section */
		0F98BDCA25FB7E9F00D66C21 /* Sources */ = {
			isa = PBXSourcesBuildPhase;
			buildActionMask = 2147483647;
			files = (
				0F98BDD225FB7E9F00D66C21 /* AppDelegate.swift in Sources */,
				0F98BDF325FBBDDA00D66C21 /* ContentView.swift in Sources */,
				0F98BDF125FBBBF400D66C21 /* CardView.swift in Sources */,
				0F98BDD425FB7E9F00D66C21 /* SceneDelegate.swift in Sources */,
				0F98BDEF25FBBA7300D66C21 /* Card.swift in Sources */,
				0F94920C25FEF779008DF67C /* EditCard.swift in Sources */,
			);
			runOnlyForDeploymentPostprocessing = 0;
		};
/* End PBXSourcesBuildPhase section */

/* Begin PBXVariantGroup section */
		0F98BDDC25FB7EA600D66C21 /* LaunchScreen.storyboard */ = {
			isa = PBXVariantGroup;
			children = (
				0F98BDDD25FB7EA600D66C21 /* Base */,
			);
			name = LaunchScreen.storyboard;
			sourceTree = "<group>";
		};
/* End PBXVariantGroup section */

/* Begin XCBuildConfiguration section */
		0F98BDE025FB7EA600D66C21 /* Debug */ = {
			isa = XCBuildConfiguration;
			buildSettings = {
				ALWAYS_SEARCH_USER_PATHS = NO;
				CLANG_ANALYZER_NONNULL = YES;
				CLANG_ANALYZER_NUMBER_OBJECT_CONVERSION = YES_AGGRESSIVE;
				CLANG_CXX_LANGUAGE_STANDARD = "gnu++14";
				CLANG_CXX_LIBRARY = "libc++";
				CLANG_ENABLE_MODULES = YES;
				CLANG_ENABLE_OBJC_ARC = YES;
				CLANG_ENABLE_OBJC_WEAK = YES;
				CLANG_WARN_BLOCK_CAPTURE_AUTORELEASING = YES;
				CLANG_WARN_BOOL_CONVERSION = YES;
				CLANG_WARN_COMMA = YES;
				CLANG_WARN_CONSTANT_CONVERSION = YES;
				CLANG_WARN_DEPRECATED_OBJC_IMPLEMENTATIONS = YES;
				CLANG_WARN_DIRECT_OBJC_ISA_USAGE = YES_ERROR;
				CLANG_WARN_DOCUMENTATION_COMMENTS = YES;
				CLANG_WARN_EMPTY_BODY = YES;
				CLANG_WARN_ENUM_CONVERSION = YES;
				CLANG_WARN_INFINITE_RECURSION = YES;
				CLANG_WARN_INT_CONVERSION = YES;
				CLANG_WARN_NON_LITERAL_NULL_CONVERSION = YES;
				CLANG_WARN_OBJC_IMPLICIT_RETAIN_SELF = YES;
				CLANG_WARN_OBJC_LITERAL_CONVERSION = YES;
				CLANG_WARN_OBJC_ROOT_CLASS = YES_ERROR;
				CLANG_WARN_RANGE_LOOP_ANALYSIS = YES;
				CLANG_WARN_STRICT_PROTOTYPES = YES;
				CLANG_WARN_SUSPICIOUS_MOVE = YES;
				CLANG_WARN_UNGUARDED_AVAILABILITY = YES_AGGRESSIVE;
				CLANG_WARN_UNREACHABLE_CODE = YES;
				CLANG_WARN__DUPLICATE_METHOD_MATCH = YES;
				COPY_PHASE_STRIP = NO;
				DEBUG_INFORMATION_FORMAT = dwarf;
				ENABLE_STRICT_OBJC_MSGSEND = YES;
				ENABLE_TESTABILITY = YES;
				GCC_C_LANGUAGE_STANDARD = gnu11;
				GCC_DYNAMIC_NO_PIC = NO;
				GCC_NO_COMMON_BLOCKS = YES;
				GCC_OPTIMIZATION_LEVEL = 0;
				GCC_PREPROCESSOR_DEFINITIONS = (
					"DEBUG=1",
					"$(inherited)",
				);
				GCC_WARN_64_TO_32_BIT_CONVERSION = YES;
				GCC_WARN_ABOUT_RETURN_TYPE = YES_ERROR;
				GCC_WARN_UNDECLARED_SELECTOR = YES;
				GCC_WARN_UNINITIALIZED_AUTOS = YES_AGGRESSIVE;
				GCC_WARN_UNUSED_FUNCTION = YES;
				GCC_WARN_UNUSED_VARIABLE = YES;
				IPHONEOS_DEPLOYMENT_TARGET = 13.6;
				MTL_ENABLE_DEBUG_INFO = INCLUDE_SOURCE;
				MTL_FAST_MATH = YES;
				ONLY_ACTIVE_ARCH = YES;
				SDKROOT = iphoneos;
				SWIFT_ACTIVE_COMPILATION_CONDITIONS = DEBUG;
				SWIFT_OPTIMIZATION_LEVEL = "-Onone";
			};
			name = Debug;
		};
		0F98BDE125FB7EA600D66C21 /* Release */ = {
			isa = XCBuildConfiguration;
			buildSettings = {
				ALWAYS_SEARCH_USER_PATHS = NO;
				CLANG_ANALYZER_NONNULL = YES;
				CLANG_ANALYZER_NUMBER_OBJECT_CONVERSION = YES_AGGRESSIVE;
				CLANG_CXX_LANGUAGE_STANDARD = "gnu++14";
				CLANG_CXX_LIBRARY = "libc++";
				CLANG_ENABLE_MODULES = YES;
				CLANG_ENABLE_OBJC_ARC = YES;
				CLANG_ENABLE_OBJC_WEAK = YES;
				CLANG_WARN_BLOCK_CAPTURE_AUTORELEASING = YES;
				CLANG_WARN_BOOL_CONVERSION = YES;
				CLANG_WARN_COMMA = YES;
				CLANG_WARN_CONSTANT_CONVERSION = YES;
				CLANG_WARN_DEPRECATED_OBJC_IMPLEMENTATIONS = YES;
				CLANG_WARN_DIRECT_OBJC_ISA_USAGE = YES_ERROR;
				CLANG_WARN_DOCUMENTATION_COMMENTS = YES;
				CLANG_WARN_EMPTY_BODY = YES;
				CLANG_WARN_ENUM_CONVERSION = YES;
				CLANG_WARN_INFINITE_RECURSION = YES;
				CLANG_WARN_INT_CONVERSION = YES;
				CLANG_WARN_NON_LITERAL_NULL_CONVERSION = YES;
				CLANG_WARN_OBJC_IMPLICIT_RETAIN_SELF = YES;
				CLANG_WARN_OBJC_LITERAL_CONVERSION = YES;
				CLANG_WARN_OBJC_ROOT_CLASS = YES_ERROR;
				CLANG_WARN_RANGE_LOOP_ANALYSIS = YES;
				CLANG_WARN_STRICT_PROTOTYPES = YES;
				CLANG_WARN_SUSPICIOUS_MOVE = YES;
				CLANG_WARN_UNGUARDED_AVAILABILITY = YES_AGGRESSIVE;
				CLANG_WARN_UNREACHABLE_CODE = YES;
				CLANG_WARN__DUPLICATE_METHOD_MATCH = YES;
				COPY_PHASE_STRIP = NO;
				DEBUG_INFORMATION_FORMAT = "dwarf-with-dsym";
				ENABLE_NS_ASSERTIONS = NO;
				ENABLE_STRICT_OBJC_MSGSEND = YES;
				GCC_C_LANGUAGE_STANDARD = gnu11;
				GCC_NO_COMMON_BLOCKS = YES;
				GCC_WARN_64_TO_32_BIT_CONVERSION = YES;
				GCC_WARN_ABOUT_RETURN_TYPE = YES_ERROR;
				GCC_WARN_UNDECLARED_SELECTOR = YES;
				GCC_WARN_UNINITIALIZED_AUTOS = YES_AGGRESSIVE;
				GCC_WARN_UNUSED_FUNCTION = YES;
				GCC_WARN_UNUSED_VARIABLE = YES;
				IPHONEOS_DEPLOYMENT_TARGET = 13.6;
				MTL_ENABLE_DEBUG_INFO = NO;
				MTL_FAST_MATH = YES;
				SDKROOT = iphoneos;
				SWIFT_COMPILATION_MODE = wholemodule;
				SWIFT_OPTIMIZATION_LEVEL = "-O";
				VALIDATE_PRODUCT = YES;
			};
			name = Release;
		};
		0F98BDE325FB7EA600D66C21 /* Debug */ = {
			isa = XCBuildConfiguration;
			buildSettings = {
				ASSETCATALOG_COMPILER_APPICON_NAME = AppIcon;
				CODE_SIGN_STYLE = Automatic;
				DEVELOPMENT_ASSET_PATHS = "\"Flashzilla/Preview Content\"";
				DEVELOPMENT_TEAM = 73X37M5BQV;
				ENABLE_PREVIEWS = YES;
				INFOPLIST_FILE = Flashzilla/Info.plist;
				LD_RUNPATH_SEARCH_PATHS = (
					"$(inherited)",
					"@executable_path/Frameworks",
				);
				PRODUCT_BUNDLE_IDENTIFIER = dev.travisbrigman.Flashzilla;
				PRODUCT_NAME = "$(TARGET_NAME)";
				SWIFT_VERSION = 5.0;
				TARGETED_DEVICE_FAMILY = "1,2";
			};
			name = Debug;
		};
		0F98BDE425FB7EA600D66C21 /* Release */ = {
			isa = XCBuildConfiguration;
			buildSettings = {
				ASSETCATALOG_COMPILER_APPICON_NAME = AppIcon;
				CODE_SIGN_STYLE = Automatic;
				DEVELOPMENT_ASSET_PATHS = "\"Flashzilla/Preview Content\"";
				DEVELOPMENT_TEAM = 73X37M5BQV;
				ENABLE_PREVIEWS = YES;
				INFOPLIST_FILE = Flashzilla/Info.plist;
				LD_RUNPATH_SEARCH_PATHS = (
					"$(inherited)",
					"@executable_path/Frameworks",
				);
				PRODUCT_BUNDLE_IDENTIFIER = dev.travisbrigman.Flashzilla;
				PRODUCT_NAME = "$(TARGET_NAME)";
				SWIFT_VERSION = 5.0;
				TARGETED_DEVICE_FAMILY = "1,2";
			};
			name = Release;
		};
/* End XCBuildConfiguration section */

/* Begin XCConfigurationList section */
		0F98BDC925FB7E9F00D66C21 /* Build configuration list for PBXProject "Flashzilla" */ = {
			isa = XCConfigurationList;
			buildConfigurations = (
				0F98BDE025FB7EA600D66C21 /* Debug */,
				0F98BDE125FB7EA600D66C21 /* Release */,
			);
			defaultConfigurationIsVisible = 0;
			defaultConfigurationName = Release;
		};
		0F98BDE225FB7EA600D66C21 /* Build configuration list for PBXNativeTarget "Flashzilla" */ = {
			isa = XCConfigurationList;
			buildConfigurations = (
				0F98BDE325FB7EA600D66C21 /* Debug */,
				0F98BDE425FB7EA600D66C21 /* Release */,
			);
			defaultConfigurationIsVisible = 0;
			defaultConfigurationName = Release;
		};
/* End XCConfigurationList section */
	};
	rootObject = 0F98BDC625FB7E9F00D66C21 /* Project object */;
}
